// !$*UTF8*$!
{
	archiveVersion = 1;
	classes = {
	};
	objectVersion = 46;
	objects = {

/* Begin PBXBuildFile section */
		A1E431911BB9F88500851886 /* main.m in Sources */ = {isa = PBXBuildFile; fileRef = A1E431901BB9F88500851886 /* main.m */; };
		A1E431941BB9F88500851886 /* AppDelegate.m in Sources */ = {isa = PBXBuildFile; fileRef = A1E431931BB9F88500851886 /* AppDelegate.m */; };
		A1E4319A1BB9F88500851886 /* Main.storyboard in Resources */ = {isa = PBXBuildFile; fileRef = A1E431981BB9F88500851886 /* Main.storyboard */; };
		A1E4319F1BB9F88500851886 /* Assets.xcassets in Resources */ = {isa = PBXBuildFile; fileRef = A1E4319E1BB9F88500851886 /* Assets.xcassets */; };
		A1E431A21BB9F88500851886 /* LaunchScreen.storyboard in Resources */ = {isa = PBXBuildFile; fileRef = A1E431A01BB9F88500851886 /* LaunchScreen.storyboard */; };
		A1E431AD1BB9F88500851886 /* GlobalLogicTests.m in Sources */ = {isa = PBXBuildFile; fileRef = A1E431AC1BB9F88500851886 /* GlobalLogicTests.m */; };
		A1E431B81BB9F88500851886 /* GlobalLogicUITests.m in Sources */ = {isa = PBXBuildFile; fileRef = A1E431B71BB9F88500851886 /* GlobalLogicUITests.m */; };
		A1E431C71BB9F92600851886 /* CountriesTableViewController.m in Sources */ = {isa = PBXBuildFile; fileRef = A1E431C61BB9F92600851886 /* CountriesTableViewController.m */; settings = {ASSET_TAGS = (); }; };
		A1E431E51BBA2AA400851886 /* Country.m in Sources */ = {isa = PBXBuildFile; fileRef = A1E431E41BBA2AA400851886 /* Country.m */; settings = {ASSET_TAGS = (); }; };
		A1E431E81BBA2AE100851886 /* Continent.m in Sources */ = {isa = PBXBuildFile; fileRef = A1E431E71BBA2AE100851886 /* Continent.m */; settings = {ASSET_TAGS = (); }; };
/* End PBXBuildFile section */

/* Begin PBXContainerItemProxy section */
		A1E431A91BB9F88500851886 /* PBXContainerItemProxy */ = {
			isa = PBXContainerItemProxy;
			containerPortal = A1E431841BB9F88500851886 /* Project object */;
			proxyType = 1;
			remoteGlobalIDString = A1E4318B1BB9F88500851886;
			remoteInfo = GlobalLogic;
		};
		A1E431B41BB9F88500851886 /* PBXContainerItemProxy */ = {
			isa = PBXContainerItemProxy;
			containerPortal = A1E431841BB9F88500851886 /* Project object */;
			proxyType = 1;
			remoteGlobalIDString = A1E4318B1BB9F88500851886;
			remoteInfo = GlobalLogic;
		};
/* End PBXContainerItemProxy section */

/* Begin PBXFileReference section */
		A1E4318C1BB9F88500851886 /* GlobalLogic.app */ = {isa = PBXFileReference; explicitFileType = wrapper.application; includeInIndex = 0; path = GlobalLogic.app; sourceTree = BUILT_PRODUCTS_DIR; };
		A1E431901BB9F88500851886 /* main.m */ = {isa = PBXFileReference; lastKnownFileType = sourcecode.c.objc; path = main.m; sourceTree = "<group>"; };
		A1E431921BB9F88500851886 /* AppDelegate.h */ = {isa = PBXFileReference; lastKnownFileType = sourcecode.c.h; path = AppDelegate.h; sourceTree = "<group>"; };
		A1E431931BB9F88500851886 /* AppDelegate.m */ = {isa = PBXFileReference; lastKnownFileType = sourcecode.c.objc; path = AppDelegate.m; sourceTree = "<group>"; };
		A1E431991BB9F88500851886 /* Base */ = {isa = PBXFileReference; lastKnownFileType = file.storyboard; name = Base; path = Base.lproj/Main.storyboard; sourceTree = "<group>"; };
		A1E4319E1BB9F88500851886 /* Assets.xcassets */ = {isa = PBXFileReference; lastKnownFileType = folder.assetcatalog; path = Assets.xcassets; sourceTree = "<group>"; };
		A1E431A11BB9F88500851886 /* Base */ = {isa = PBXFileReference; lastKnownFileType = file.storyboard; name = Base; path = Base.lproj/LaunchScreen.storyboard; sourceTree = "<group>"; };
		A1E431A31BB9F88500851886 /* Info.plist */ = {isa = PBXFileReference; lastKnownFileType = text.plist.xml; path = Info.plist; sourceTree = "<group>"; };
		A1E431A81BB9F88500851886 /* GlobalLogicTests.xctest */ = {isa = PBXFileReference; explicitFileType = wrapper.cfbundle; includeInIndex = 0; path = GlobalLogicTests.xctest; sourceTree = BUILT_PRODUCTS_DIR; };
		A1E431AC1BB9F88500851886 /* GlobalLogicTests.m */ = {isa = PBXFileReference; lastKnownFileType = sourcecode.c.objc; path = GlobalLogicTests.m; sourceTree = "<group>"; };
		A1E431AE1BB9F88500851886 /* Info.plist */ = {isa = PBXFileReference; lastKnownFileType = text.plist.xml; path = Info.plist; sourceTree = "<group>"; };
		A1E431B31BB9F88500851886 /* GlobalLogicUITests.xctest */ = {isa = PBXFileReference; explicitFileType = wrapper.cfbundle; includeInIndex = 0; path = GlobalLogicUITests.xctest; sourceTree = BUILT_PRODUCTS_DIR; };
		A1E431B71BB9F88500851886 /* GlobalLogicUITests.m */ = {isa = PBXFileReference; lastKnownFileType = sourcecode.c.objc; path = GlobalLogicUITests.m; sourceTree = "<group>"; };
		A1E431B91BB9F88500851886 /* Info.plist */ = {isa = PBXFileReference; lastKnownFileType = text.plist.xml; path = Info.plist; sourceTree = "<group>"; };
		A1E431C51BB9F92600851886 /* CountriesTableViewController.h */ = {isa = PBXFileReference; fileEncoding = 4; lastKnownFileType = sourcecode.c.h; path = CountriesTableViewController.h; sourceTree = "<group>"; };
		A1E431C61BB9F92600851886 /* CountriesTableViewController.m */ = {isa = PBXFileReference; fileEncoding = 4; lastKnownFileType = sourcecode.c.objc; path = CountriesTableViewController.m; sourceTree = "<group>"; };
		A1E431E31BBA2AA400851886 /* Country.h */ = {isa = PBXFileReference; fileEncoding = 4; lastKnownFileType = sourcecode.c.h; path = Country.h; sourceTree = "<group>"; };
		A1E431E41BBA2AA400851886 /* Country.m */ = {isa = PBXFileReference; fileEncoding = 4; lastKnownFileType = sourcecode.c.objc; path = Country.m; sourceTree = "<group>"; };
		A1E431E61BBA2AE100851886 /* Continent.h */ = {isa = PBXFileReference; fileEncoding = 4; lastKnownFileType = sourcecode.c.h; path = Continent.h; sourceTree = "<group>"; };
		A1E431E71BBA2AE100851886 /* Continent.m */ = {isa = PBXFileReference; fileEncoding = 4; lastKnownFileType = sourcecode.c.objc; path = Continent.m; sourceTree = "<group>"; };
/* End PBXFileReference section */

/* Begin PBXFrameworksBuildPhase section */
		A1E431891BB9F88500851886 /* Frameworks */ = {
			isa = PBXFrameworksBuildPhase;
			buildActionMask = 2147483647;
			files = (
			);
			runOnlyForDeploymentPostprocessing = 0;
		};
		A1E431A51BB9F88500851886 /* Frameworks */ = {
			isa = PBXFrameworksBuildPhase;
			buildActionMask = 2147483647;
			files = (
			);
			runOnlyForDeploymentPostprocessing = 0;
		};
		A1E431B01BB9F88500851886 /* Frameworks */ = {
			isa = PBXFrameworksBuildPhase;
			buildActionMask = 2147483647;
			files = (
			);
			runOnlyForDeploymentPostprocessing = 0;
		};
/* End PBXFrameworksBuildPhase section */

/* Begin PBXGroup section */
		A1E431831BB9F88500851886 = {
			isa = PBXGroup;
			children = (
				A1E4318E1BB9F88500851886 /* GlobalLogic */,
				A1E431AB1BB9F88500851886 /* GlobalLogicTests */,
				A1E431B61BB9F88500851886 /* GlobalLogicUITests */,
				A1E4318D1BB9F88500851886 /* Products */,
			);
			sourceTree = "<group>";
		};
		A1E4318D1BB9F88500851886 /* Products */ = {
			isa = PBXGroup;
			children = (
				A1E4318C1BB9F88500851886 /* GlobalLogic.app */,
				A1E431A81BB9F88500851886 /* GlobalLogicTests.xctest */,
				A1E431B31BB9F88500851886 /* GlobalLogicUITests.xctest */,
			);
			name = Products;
			sourceTree = "<group>";
		};
		A1E4318E1BB9F88500851886 /* GlobalLogic */ = {
			isa = PBXGroup;
			children = (
				A1E431E21BBA2A7100851886 /* Model */,
				A1E431921BB9F88500851886 /* AppDelegate.h */,
				A1E431931BB9F88500851886 /* AppDelegate.m */,
				A1E431C51BB9F92600851886 /* CountriesTableViewController.h */,
				A1E431C61BB9F92600851886 /* CountriesTableViewController.m */,
				A1E431981BB9F88500851886 /* Main.storyboard */,
				A1E4319E1BB9F88500851886 /* Assets.xcassets */,
				A1E431A01BB9F88500851886 /* LaunchScreen.storyboard */,
				A1E431A31BB9F88500851886 /* Info.plist */,
				A1E4318F1BB9F88500851886 /* Supporting Files */,
			);
			path = GlobalLogic;
			sourceTree = "<group>";
		};
		A1E4318F1BB9F88500851886 /* Supporting Files */ = {
			isa = PBXGroup;
			children = (
				A1E431901BB9F88500851886 /* main.m */,
			);
			name = "Supporting Files";
			sourceTree = "<group>";
		};
		A1E431AB1BB9F88500851886 /* GlobalLogicTests */ = {
			isa = PBXGroup;
			children = (
				A1E431AC1BB9F88500851886 /* GlobalLogicTests.m */,
				A1E431AE1BB9F88500851886 /* Info.plist */,
			);
			path = GlobalLogicTests;
			sourceTree = "<group>";
		};
		A1E431B61BB9F88500851886 /* GlobalLogicUITests */ = {
			isa = PBXGroup;
			children = (
				A1E431B71BB9F88500851886 /* GlobalLogicUITests.m */,
				A1E431B91BB9F88500851886 /* Info.plist */,
			);
			path = GlobalLogicUITests;
			sourceTree = "<group>";
		};
		A1E431E21BBA2A7100851886 /* Model */ = {
			isa = PBXGroup;
			children = (
				A1E431E31BBA2AA400851886 /* Country.h */,
				A1E431E41BBA2AA400851886 /* Country.m */,
				A1E431E61BBA2AE100851886 /* Continent.h */,
				A1E431E71BBA2AE100851886 /* Continent.m */,
			);
			name = Model;
			sourceTree = "<group>";
		};
/* End PBXGroup section */

/* Begin PBXNativeTarget section */
		A1E4318B1BB9F88500851886 /* GlobalLogic */ = {
			isa = PBXNativeTarget;
			buildConfigurationList = A1E431BC1BB9F88500851886 /* Build configuration list for PBXNativeTarget "GlobalLogic" */;
			buildPhases = (
				A1E431881BB9F88500851886 /* Sources */,
				A1E431891BB9F88500851886 /* Frameworks */,
				A1E4318A1BB9F88500851886 /* Resources */,
			);
			buildRules = (
			);
			dependencies = (
			);
			name = GlobalLogic;
			productName = GlobalLogic;
			productReference = A1E4318C1BB9F88500851886 /* GlobalLogic.app */;
			productType = "com.apple.product-type.application";
		};
		A1E431A71BB9F88500851886 /* GlobalLogicTests */ = {
			isa = PBXNativeTarget;
			buildConfigurationList = A1E431BF1BB9F88500851886 /* Build configuration list for PBXNativeTarget "GlobalLogicTests" */;
			buildPhases = (
				A1E431A41BB9F88500851886 /* Sources */,
				A1E431A51BB9F88500851886 /* Frameworks */,
				A1E431A61BB9F88500851886 /* Resources */,
			);
			buildRules = (
			);
			dependencies = (
				A1E431AA1BB9F88500851886 /* PBXTargetDependency */,
			);
			name = GlobalLogicTests;
			productName = GlobalLogicTests;
			productReference = A1E431A81BB9F88500851886 /* GlobalLogicTests.xctest */;
			productType = "com.apple.product-type.bundle.unit-test";
		};
		A1E431B21BB9F88500851886 /* GlobalLogicUITests */ = {
			isa = PBXNativeTarget;
			buildConfigurationList = A1E431C21BB9F88500851886 /* Build configuration list for PBXNativeTarget "GlobalLogicUITests" */;
			buildPhases = (
				A1E431AF1BB9F88500851886 /* Sources */,
				A1E431B01BB9F88500851886 /* Frameworks */,
				A1E431B11BB9F88500851886 /* Resources */,
			);
			buildRules = (
			);
			dependencies = (
				A1E431B51BB9F88500851886 /* PBXTargetDependency */,
			);
			name = GlobalLogicUITests;
			productName = GlobalLogicUITests;
			productReference = A1E431B31BB9F88500851886 /* GlobalLogicUITests.xctest */;
			productType = "com.apple.product-type.bundle.ui-testing";
		};
/* End PBXNativeTarget section */

/* Begin PBXProject section */
		A1E431841BB9F88500851886 /* Project object */ = {
			isa = PBXProject;
			attributes = {
				LastUpgradeCheck = 0700;
				ORGANIZATIONNAME = FranDz;
				TargetAttributes = {
					A1E4318B1BB9F88500851886 = {
						CreatedOnToolsVersion = 7.0;
					};
					A1E431A71BB9F88500851886 = {
						CreatedOnToolsVersion = 7.0;
						TestTargetID = A1E4318B1BB9F88500851886;
					};
					A1E431B21BB9F88500851886 = {
						CreatedOnToolsVersion = 7.0;
						TestTargetID = A1E4318B1BB9F88500851886;
					};
				};
			};
			buildConfigurationList = A1E431871BB9F88500851886 /* Build configuration list for PBXProject "GlobalLogic" */;
			compatibilityVersion = "Xcode 3.2";
			developmentRegion = English;
			hasScannedForEncodings = 0;
			knownRegions = (
				en,
				Base,
			);
			mainGroup = A1E431831BB9F88500851886;
			productRefGroup = A1E4318D1BB9F88500851886 /* Products */;
			projectDirPath = "";
			projectRoot = "";
			targets = (
				A1E4318B1BB9F88500851886 /* GlobalLogic */,
				A1E431A71BB9F88500851886 /* GlobalLogicTests */,
				A1E431B21BB9F88500851886 /* GlobalLogicUITests */,
			);
		};
/* End PBXProject section */

/* Begin PBXResourcesBuildPhase section */
		A1E4318A1BB9F88500851886 /* Resources */ = {
			isa = PBXResourcesBuildPhase;
			buildActionMask = 2147483647;
			files = (
				A1E431A21BB9F88500851886 /* LaunchScreen.storyboard in Resources */,
				A1E4319F1BB9F88500851886 /* Assets.xcassets in Resources */,
				A1E4319A1BB9F88500851886 /* Main.storyboard in Resources */,
			);
			runOnlyForDeploymentPostprocessing = 0;
		};
		A1E431A61BB9F88500851886 /* Resources */ = {
			isa = PBXResourcesBuildPhase;
			buildActionMask = 2147483647;
			files = (
			);
			runOnlyForDeploymentPostprocessing = 0;
		};
		A1E431B11BB9F88500851886 /* Resources */ = {
			isa = PBXResourcesBuildPhase;
			buildActionMask = 2147483647;
			files = (
			);
			runOnlyForDeploymentPostprocessing = 0;
		};
/* End PBXResourcesBuildPhase section */

/* Begin PBXSourcesBuildPhase section */
		A1E431881BB9F88500851886 /* Sources */ = {
			isa = PBXSourcesBuildPhase;
			buildActionMask = 2147483647;
			files = (
				A1E431E51BBA2AA400851886 /* Country.m in Sources */,
				A1E431C71BB9F92600851886 /* CountriesTableViewController.m in Sources */,
				A1E431E81BBA2AE100851886 /* Continent.m in Sources */,
				A1E431941BB9F88500851886 /* AppDelegate.m in Sources */,
				A1E431911BB9F88500851886 /* main.m in Sources */,
			);
			runOnlyForDeploymentPostprocessing = 0;
		};
		A1E431A41BB9F88500851886 /* Sources */ = {
			isa = PBXSourcesBuildPhase;
			buildActionMask = 2147483647;
			files = (
				A1E431AD1BB9F88500851886 /* GlobalLogicTests.m in Sources */,
			);
			runOnlyForDeploymentPostprocessing = 0;
		};
		A1E431AF1BB9F88500851886 /* Sources */ = {
			isa = PBXSourcesBuildPhase;
			buildActionMask = 2147483647;
			files = (
				A1E431B81BB9F88500851886 /* GlobalLogicUITests.m in Sources */,
			);
			runOnlyForDeploymentPostprocessing = 0;
		};
/* End PBXSourcesBuildPhase section */

/* Begin PBXTargetDependency section */
		A1E431AA1BB9F88500851886 /* PBXTargetDependency */ = {
			isa = PBXTargetDependency;
			target = A1E4318B1BB9F88500851886 /* GlobalLogic */;
			targetProxy = A1E431A91BB9F88500851886 /* PBXContainerItemProxy */;
		};
		A1E431B51BB9F88500851886 /* PBXTargetDependency */ = {
			isa = PBXTargetDependency;
			target = A1E4318B1BB9F88500851886 /* GlobalLogic */;
			targetProxy = A1E431B41BB9F88500851886 /* PBXContainerItemProxy */;
		};
/* End PBXTargetDependency section */

/* Begin PBXVariantGroup section */
		A1E431981BB9F88500851886 /* Main.storyboard */ = {
			isa = PBXVariantGroup;
			children = (
				A1E431991BB9F88500851886 /* Base */,
			);
			name = Main.storyboard;
			sourceTree = "<group>";
		};
		A1E431A01BB9F88500851886 /* LaunchScreen.storyboard */ = {
			isa = PBXVariantGroup;
			children = (
				A1E431A11BB9F88500851886 /* Base */,
			);
			name = LaunchScreen.storyboard;
			sourceTree = "<group>";
		};
/* End PBXVariantGroup section */

/* Begin XCBuildConfiguration section */
		A1E431BA1BB9F88500851886 /* Debug */ = {
			isa = XCBuildConfiguration;
			buildSettings = {
				ALWAYS_SEARCH_USER_PATHS = NO;
				CLANG_CXX_LANGUAGE_STANDARD = "gnu++0x";
				CLANG_CXX_LIBRARY = "libc++";
				CLANG_ENABLE_MODULES = YES;
				CLANG_ENABLE_OBJC_ARC = YES;
				CLANG_WARN_BOOL_CONVERSION = YES;
				CLANG_WARN_CONSTANT_CONVERSION = YES;
				CLANG_WARN_DIRECT_OBJC_ISA_USAGE = YES_ERROR;
				CLANG_WARN_EMPTY_BODY = YES;
				CLANG_WARN_ENUM_CONVERSION = YES;
				CLANG_WARN_INT_CONVERSION = YES;
				CLANG_WARN_OBJC_ROOT_CLASS = YES_ERROR;
				CLANG_WARN_UNREACHABLE_CODE = YES;
				CLANG_WARN__DUPLICATE_METHOD_MATCH = YES;
				"CODE_SIGN_IDENTITY[sdk=iphoneos*]" = "iPhone Developer";
				COPY_PHASE_STRIP = NO;
				DEBUG_INFORMATION_FORMAT = dwarf;
				ENABLE_STRICT_OBJC_MSGSEND = YES;
				ENABLE_TESTABILITY = YES;
				GCC_C_LANGUAGE_STANDARD = gnu99;
				GCC_DYNAMIC_NO_PIC = NO;
				GCC_NO_COMMON_BLOCKS = YES;
				GCC_OPTIMIZATION_LEVEL = 0;
				GCC_PREPROCESSOR_DEFINITIONS = (
					"DEBUG=1",
					"$(inherited)",
				);
				GCC_WARN_64_TO_32_BIT_CONVERSION = YES;
				GCC_WARN_ABOUT_RETURN_TYPE = YES_ERROR;
				GCC_WARN_UNDECLARED_SELECTOR = YES;
				GCC_WARN_UNINITIALIZED_AUTOS = YES_AGGRESSIVE;
				GCC_WARN_UNUSED_FUNCTION = YES;
				GCC_WARN_UNUSED_VARIABLE = YES;
				IPHONEOS_DEPLOYMENT_TARGET = 9.0;
				MTL_ENABLE_DEBUG_INFO = YES;
				ONLY_ACTIVE_ARCH = YES;
				SDKROOT = iphoneos;
				TARGETED_DEVICE_FAMILY = "1,2";
			};
			name = Debug;
		};
		A1E431BB1BB9F88500851886 /* Release */ = {
			isa = XCBuildConfiguration;
			buildSettings = {
				ALWAYS_SEARCH_USER_PATHS = NO;
				CLANG_CXX_LANGUAGE_STANDARD = "gnu++0x";
				CLANG_CXX_LIBRARY = "libc++";
				CLANG_ENABLE_MODULES = YES;
				CLANG_ENABLE_OBJC_ARC = YES;
				CLANG_WARN_BOOL_CONVERSION = YES;
				CLANG_WARN_CONSTANT_CONVERSION = YES;
				CLANG_WARN_DIRECT_OBJC_ISA_USAGE = YES_ERROR;
				CLANG_WARN_EMPTY_BODY = YES;
				CLANG_WARN_ENUM_CONVERSION = YES;
				CLANG_WARN_INT_CONVERSION = YES;
				CLANG_WARN_OBJC_ROOT_CLASS = YES_ERROR;
				CLANG_WARN_UNREACHABLE_CODE = YES;
				CLANG_WARN__DUPLICATE_METHOD_MATCH = YES;
				"CODE_SIGN_IDENTITY[sdk=iphoneos*]" = "iPhone Developer";
				COPY_PHASE_STRIP = NO;
				DEBUG_INFORMATION_FORMAT = "dwarf-with-dsym";
				ENABLE_NS_ASSERTIONS = NO;
				ENABLE_STRICT_OBJC_MSGSEND = YES;
				GCC_C_LANGUAGE_STANDARD = gnu99;
				GCC_NO_COMMON_BLOCKS = YES;
				GCC_WARN_64_TO_32_BIT_CONVERSION = YES;
				GCC_WARN_ABOUT_RETURN_TYPE = YES_ERROR;
				GCC_WARN_UNDECLARED_SELECTOR = YES;
				GCC_WARN_UNINITIALIZED_AUTOS = YES_AGGRESSIVE;
				GCC_WARN_UNUSED_FUNCTION = YES;
				GCC_WARN_UNUSED_VARIABLE = YES;
				IPHONEOS_DEPLOYMENT_TARGET = 9.0;
				MTL_ENABLE_DEBUG_INFO = NO;
				SDKROOT = iphoneos;
				TARGETED_DEVICE_FAMILY = "1,2";
				VALIDATE_PRODUCT = YES;
			};
			name = Release;
		};
		A1E431BD1BB9F88500851886 /* Debug */ = {
			isa = XCBuildConfiguration;
			buildSettings = {
				ASSETCATALOG_COMPILER_APPICON_NAME = AppIcon;
				INFOPLIST_FILE = GlobalLogic/Info.plist;
				LD_RUNPATH_SEARCH_PATHS = "$(inherited) @executable_path/Frameworks";
				PRODUCT_BUNDLE_IDENTIFIER = com.FranDz.GlobalLogic;
				PRODUCT_NAME = "$(TARGET_NAME)";
			};
			name = Debug;
		};
		A1E431BE1BB9F88500851886 /* Release */ = {
			isa = XCBuildConfiguration;
			buildSettings = {
				ASSETCATALOG_COMPILER_APPICON_NAME = AppIcon;
				INFOPLIST_FILE = GlobalLogic/Info.plist;
				LD_RUNPATH_SEARCH_PATHS = "$(inherited) @executable_path/Frameworks";
				PRODUCT_BUNDLE_IDENTIFIER = com.FranDz.GlobalLogic;
				PRODUCT_NAME = "$(TARGET_NAME)";
			};
			name = Release;
		};
		A1E431C01BB9F88500851886 /* Debug */ = {
			isa = XCBuildConfiguration;
			buildSettings = {
				BUNDLE_LOADER = "$(TEST_HOST)";
				INFOPLIST_FILE = GlobalLogicTests/Info.plist;
				LD_RUNPATH_SEARCH_PATHS = "$(inherited) @executable_path/Frameworks @loader_path/Frameworks";
				PRODUCT_BUNDLE_IDENTIFIER = com.FranDz.GlobalLogicTests;
				PRODUCT_NAME = "$(TARGET_NAME)";
				TEST_HOST = "$(BUILT_PRODUCTS_DIR)/GlobalLogic.app/GlobalLogic";
			};
			name = Debug;
		};
		A1E431C11BB9F88500851886 /* Release */ = {
			isa = XCBuildConfiguration;
			buildSettings = {
				BUNDLE_LOADER = "$(TEST_HOST)";
				INFOPLIST_FILE = GlobalLogicTests/Info.plist;
				LD_RUNPATH_SEARCH_PATHS = "$(inherited) @executable_path/Frameworks @loader_path/Frameworks";
				PRODUCT_BUNDLE_IDENTIFIER = com.FranDz.GlobalLogicTests;
				PRODUCT_NAME = "$(TARGET_NAME)";
				TEST_HOST = "$(BUILT_PRODUCTS_DIR)/GlobalLogic.app/GlobalLogic";
			};
			name = Release;
		};
		A1E431C31BB9F88500851886 /* Debug */ = {
			isa = XCBuildConfiguration;
			buildSettings = {
				INFOPLIST_FILE = GlobalLogicUITests/Info.plist;
				LD_RUNPATH_SEARCH_PATHS = "$(inherited) @executable_path/Frameworks @loader_path/Frameworks";
				PRODUCT_BUNDLE_IDENTIFIER = com.FranDz.GlobalLogicUITests;
				PRODUCT_NAME = "$(TARGET_NAME)";
				TEST_TARGET_NAME = GlobalLogic;
				USES_XCTRUNNER = YES;
			};
			name = Debug;
		};
		A1E431C41BB9F88500851886 /* Release */ = {
			isa = XCBuildConfiguration;
			buildSettings = {
				INFOPLIST_FILE = GlobalLogicUITests/Info.plist;
				LD_RUNPATH_SEARCH_PATHS = "$(inherited) @executable_path/Frameworks @loader_path/Frameworks";
				PRODUCT_BUNDLE_IDENTIFIER = com.FranDz.GlobalLogicUITests;
				PRODUCT_NAME = "$(TARGET_NAME)";
				TEST_TARGET_NAME = GlobalLogic;
				USES_XCTRUNNER = YES;
			};
			name = Release;
		};
/* End XCBuildConfiguration section */

/* Begin XCConfigurationList section */
		A1E431871BB9F88500851886 /* Build configuration list for PBXProject "GlobalLogic" */ = {
			isa = XCConfigurationList;
			buildConfigurations = (
				A1E431BA1BB9F88500851886 /* Debug */,
				A1E431BB1BB9F88500851886 /* Release */,
			);
			defaultConfigurationIsVisible = 0;
			defaultConfigurationName = Release;
		};
		A1E431BC1BB9F88500851886 /* Build configuration list for PBXNativeTarget "GlobalLogic" */ = {
			isa = XCConfigurationList;
			buildConfigurations = (
				A1E431BD1BB9F88500851886 /* Debug */,
				A1E431BE1BB9F88500851886 /* Release */,
			);
			defaultConfigurationIsVisible = 0;
		};
		A1E431BF1BB9F88500851886 /* Build configuration list for PBXNativeTarget "GlobalLogicTests" */ = {
			isa = XCConfigurationList;
			buildConfigurations = (
				A1E431C01BB9F88500851886 /* Debug */,
				A1E431C11BB9F88500851886 /* Release */,
			);
			defaultConfigurationIsVisible = 0;
		};
		A1E431C21BB9F88500851886 /* Build configuration list for PBXNativeTarget "GlobalLogicUITests" */ = {
			isa = XCConfigurationList;
			buildConfigurations = (
				A1E431C31BB9F88500851886 /* Debug */,
				A1E431C41BB9F88500851886 /* Release */,
			);
			defaultConfigurationIsVisible = 0;
		};
/* End XCConfigurationList section */
	};
	rootObject = A1E431841BB9F88500851886 /* Project object */;
}
